// !$*UTF8*$!
{
	archiveVersion = 1;
	classes = {
	};
	objectVersion = 56;
	objects = {

/* Begin PBXBuildFile section */
		2D0297B52A12246D00519B82 /* AppDelegate.swift in Sources */ = {isa = PBXBuildFile; fileRef = 2D0297B42A12246D00519B82 /* AppDelegate.swift */; };
		2D0297B92A12246D00519B82 /* ReactNativeController.swift in Sources */ = {isa = PBXBuildFile; fileRef = 2D0297B82A12246D00519B82 /* ReactNativeController.swift */; };
		2D0297BE2A12246E00519B82 /* Assets.xcassets in Resources */ = {isa = PBXBuildFile; fileRef = 2D0297BD2A12246E00519B82 /* Assets.xcassets */; };
		2D0297C12A12246E00519B82 /* LaunchScreen.storyboard in Resources */ = {isa = PBXBuildFile; fileRef = 2D0297BF2A12246E00519B82 /* LaunchScreen.storyboard */; };
		2D214BB72A131F1C0034A642 /* LZNavigationController.swift in Sources */ = {isa = PBXBuildFile; fileRef = 2D214BB62A131F1C0034A642 /* LZNavigationController.swift */; };
		2D49B81D2C5B41B6000947C0 /* Color.swift in Sources */ = {isa = PBXBuildFile; fileRef = 2D49B81C2C5B41B6000947C0 /* Color.swift */; };
		2D49B81F2C5E1624000947C0 /* Toast.swift in Sources */ = {isa = PBXBuildFile; fileRef = 2D49B81E2C5E1624000947C0 /* Toast.swift */; };
		2D49B8212C5E1671000947C0 /* Loading.swift in Sources */ = {isa = PBXBuildFile; fileRef = 2D49B8202C5E1671000947C0 /* Loading.swift */; };
		2D49B8232C5E17E9000947C0 /* PopView.swift in Sources */ = {isa = PBXBuildFile; fileRef = 2D49B8222C5E17E9000947C0 /* PopView.swift */; };
		2D49B8252C5E1857000947C0 /* Layout.swift in Sources */ = {isa = PBXBuildFile; fileRef = 2D49B8242C5E1857000947C0 /* Layout.swift */; };
		2D629DAE2C5A5E3600DAFC09 /* LZTabBarController.swift in Sources */ = {isa = PBXBuildFile; fileRef = 2D629DAD2C5A5E3600DAFC09 /* LZTabBarController.swift */; };
		2D629DB02C5A5F5F00DAFC09 /* BaseViewController.swift in Sources */ = {isa = PBXBuildFile; fileRef = 2D629DAF2C5A5F5F00DAFC09 /* BaseViewController.swift */; };
		2D629DCC2C5A607300DAFC09 /* HomeViewController.swift in Sources */ = {isa = PBXBuildFile; fileRef = 2D629DCB2C5A607300DAFC09 /* HomeViewController.swift */; };
		2D629DCE2C5A608600DAFC09 /* MineViewController.swift in Sources */ = {isa = PBXBuildFile; fileRef = 2D629DCD2C5A608600DAFC09 /* MineViewController.swift */; };
		2D629DD02C5A609D00DAFC09 /* CommunityViewController.swift in Sources */ = {isa = PBXBuildFile; fileRef = 2D629DCF2C5A609D00DAFC09 /* CommunityViewController.swift */; };
		2D629DD22C5A60AE00DAFC09 /* LiveViewController.swift in Sources */ = {isa = PBXBuildFile; fileRef = 2D629DD12C5A60AE00DAFC09 /* LiveViewController.swift */; };
		2D629DD42C5A60C100DAFC09 /* ScoreViewController.swift in Sources */ = {isa = PBXBuildFile; fileRef = 2D629DD32C5A60C100DAFC09 /* ScoreViewController.swift */; };
		2D629DD62C5B20AD00DAFC09 /* BaseTableViewController.swift in Sources */ = {isa = PBXBuildFile; fileRef = 2D629DD52C5B20AD00DAFC09 /* BaseTableViewController.swift */; };
		537CD2A727FCD95E4374268D /* Pods_react_native_swift.framework in Frameworks */ = {isa = PBXBuildFile; fileRef = BBF999A984C99E90FD61F1A9 /* Pods_react_native_swift.framework */; };
/* End PBXBuildFile section */

/* Begin PBXFileReference section */
		1A04A9CAF5E63108C6280209 /* Pods-react-native-swift.debug.xcconfig */ = {isa = PBXFileReference; includeInIndex = 1; lastKnownFileType = text.xcconfig; name = "Pods-react-native-swift.debug.xcconfig"; path = "Target Support Files/Pods-react-native-swift/Pods-react-native-swift.debug.xcconfig"; sourceTree = "<group>"; };
		2D0297B12A12246D00519B82 /* react-native-swift.app */ = {isa = PBXFileReference; explicitFileType = wrapper.application; includeInIndex = 0; path = "react-native-swift.app"; sourceTree = BUILT_PRODUCTS_DIR; };
		2D0297B42A12246D00519B82 /* AppDelegate.swift */ = {isa = PBXFileReference; lastKnownFileType = sourcecode.swift; path = AppDelegate.swift; sourceTree = "<group>"; };
		2D0297B82A12246D00519B82 /* ReactNativeController.swift */ = {isa = PBXFileReference; lastKnownFileType = sourcecode.swift; path = ReactNativeController.swift; sourceTree = "<group>"; };
		2D0297BD2A12246E00519B82 /* Assets.xcassets */ = {isa = PBXFileReference; lastKnownFileType = folder.assetcatalog; path = Assets.xcassets; sourceTree = "<group>"; };
		2D0297C02A12246E00519B82 /* Base */ = {isa = PBXFileReference; lastKnownFileType = file.storyboard; name = Base; path = Base.lproj/LaunchScreen.storyboard; sourceTree = "<group>"; };
		2D0297C22A12246E00519B82 /* Info.plist */ = {isa = PBXFileReference; lastKnownFileType = text.plist.xml; path = Info.plist; sourceTree = "<group>"; };
		2D214BB62A131F1C0034A642 /* LZNavigationController.swift */ = {isa = PBXFileReference; lastKnownFileType = sourcecode.swift; path = LZNavigationController.swift; sourceTree = "<group>"; };
		2D49B81C2C5B41B6000947C0 /* Color.swift */ = {isa = PBXFileReference; lastKnownFileType = sourcecode.swift; path = Color.swift; sourceTree = "<group>"; };
		2D49B81E2C5E1624000947C0 /* Toast.swift */ = {isa = PBXFileReference; lastKnownFileType = sourcecode.swift; path = Toast.swift; sourceTree = "<group>"; };
		2D49B8202C5E1671000947C0 /* Loading.swift */ = {isa = PBXFileReference; lastKnownFileType = sourcecode.swift; path = Loading.swift; sourceTree = "<group>"; };
		2D49B8222C5E17E9000947C0 /* PopView.swift */ = {isa = PBXFileReference; lastKnownFileType = sourcecode.swift; path = PopView.swift; sourceTree = "<group>"; };
		2D49B8242C5E1857000947C0 /* Layout.swift */ = {isa = PBXFileReference; lastKnownFileType = sourcecode.swift; path = Layout.swift; sourceTree = "<group>"; };
		2D629DAD2C5A5E3600DAFC09 /* LZTabBarController.swift */ = {isa = PBXFileReference; lastKnownFileType = sourcecode.swift; path = LZTabBarController.swift; sourceTree = "<group>"; };
		2D629DAF2C5A5F5F00DAFC09 /* BaseViewController.swift */ = {isa = PBXFileReference; lastKnownFileType = sourcecode.swift; path = BaseViewController.swift; sourceTree = "<group>"; };
		2D629DCB2C5A607300DAFC09 /* HomeViewController.swift */ = {isa = PBXFileReference; lastKnownFileType = sourcecode.swift; path = HomeViewController.swift; sourceTree = "<group>"; };
		2D629DCD2C5A608600DAFC09 /* MineViewController.swift */ = {isa = PBXFileReference; lastKnownFileType = sourcecode.swift; path = MineViewController.swift; sourceTree = "<group>"; };
		2D629DCF2C5A609D00DAFC09 /* CommunityViewController.swift */ = {isa = PBXFileReference; lastKnownFileType = sourcecode.swift; path = CommunityViewController.swift; sourceTree = "<group>"; };
		2D629DD12C5A60AE00DAFC09 /* LiveViewController.swift */ = {isa = PBXFileReference; lastKnownFileType = sourcecode.swift; path = LiveViewController.swift; sourceTree = "<group>"; };
		2D629DD32C5A60C100DAFC09 /* ScoreViewController.swift */ = {isa = PBXFileReference; lastKnownFileType = sourcecode.swift; path = ScoreViewController.swift; sourceTree = "<group>"; };
		2D629DD52C5B20AD00DAFC09 /* BaseTableViewController.swift */ = {isa = PBXFileReference; lastKnownFileType = sourcecode.swift; path = BaseTableViewController.swift; sourceTree = "<group>"; };
		3706F5EBBDA05B67B4B2E658 /* Pods-react-native-swift.release.xcconfig */ = {isa = PBXFileReference; includeInIndex = 1; lastKnownFileType = text.xcconfig; name = "Pods-react-native-swift.release.xcconfig"; path = "Target Support Files/Pods-react-native-swift/Pods-react-native-swift.release.xcconfig"; sourceTree = "<group>"; };
		BBF999A984C99E90FD61F1A9 /* Pods_react_native_swift.framework */ = {isa = PBXFileReference; explicitFileType = wrapper.framework; includeInIndex = 0; path = Pods_react_native_swift.framework; sourceTree = BUILT_PRODUCTS_DIR; };
/* End PBXFileReference section */

/* Begin PBXFrameworksBuildPhase section */
		2D0297AE2A12246D00519B82 /* Frameworks */ = {
			isa = PBXFrameworksBuildPhase;
			buildActionMask = 2147483647;
			files = (
				537CD2A727FCD95E4374268D /* Pods_react_native_swift.framework in Frameworks */,
			);
			runOnlyForDeploymentPostprocessing = 0;
		};
/* End PBXFrameworksBuildPhase section */

/* Begin PBXGroup section */
		2D0297A82A12246D00519B82 = {
			isa = PBXGroup;
			children = (
				2D0297B32A12246D00519B82 /* react-native-swift */,
				2D0297B22A12246D00519B82 /* Products */,
				57838F2FE3A4E2D5CD4F82DD /* Pods */,
				A4C29819ABB0F05AAB55FC10 /* Frameworks */,
			);
			sourceTree = "<group>";
		};
		2D0297B22A12246D00519B82 /* Products */ = {
			isa = PBXGroup;
			children = (
				2D0297B12A12246D00519B82 /* react-native-swift.app */,
			);
			name = Products;
			sourceTree = "<group>";
		};
		2D0297B32A12246D00519B82 /* react-native-swift */ = {
			isa = PBXGroup;
			children = (
				2D49B81B2C5B4174000947C0 /* Util */,
				2D629DB12C5A5F6700DAFC09 /* Biz */,
				2D629DAC2C5A5E0D00DAFC09 /* Base */,
				2D0297B42A12246D00519B82 /* AppDelegate.swift */,
				2D0297B82A12246D00519B82 /* ReactNativeController.swift */,
				2D0297BD2A12246E00519B82 /* Assets.xcassets */,
				2D0297BF2A12246E00519B82 /* LaunchScreen.storyboard */,
				2D0297C22A12246E00519B82 /* Info.plist */,
				2D214BB62A131F1C0034A642 /* LZNavigationController.swift */,
			);
			path = "react-native-swift";
			sourceTree = "<group>";
		};
		2D49B81B2C5B4174000947C0 /* Util */ = {
			isa = PBXGroup;
			children = (
				2D49B81C2C5B41B6000947C0 /* Color.swift */,
				2D49B81E2C5E1624000947C0 /* Toast.swift */,
				2D49B8202C5E1671000947C0 /* Loading.swift */,
				2D49B8242C5E1857000947C0 /* Layout.swift */,
			);
			path = Util;
			sourceTree = "<group>";
		};
		2D629DAC2C5A5E0D00DAFC09 /* Base */ = {
			isa = PBXGroup;
			children = (
				2D629DAD2C5A5E3600DAFC09 /* LZTabBarController.swift */,
				2D629DAF2C5A5F5F00DAFC09 /* BaseViewController.swift */,
				2D629DD52C5B20AD00DAFC09 /* BaseTableViewController.swift */,
				2D49B8222C5E17E9000947C0 /* PopView.swift */,
			);
			path = Base;
			sourceTree = "<group>";
		};
		2D629DB12C5A5F6700DAFC09 /* Biz */ = {
			isa = PBXGroup;
			children = (
				2D629DB62C5A5FC800DAFC09 /* Score */,
				2D629DB52C5A5FB300DAFC09 /* Live */,
				2D629DB42C5A5F9000DAFC09 /* Community */,
				2D629DB32C5A5F8600DAFC09 /* Mine */,
				2D629DB22C5A5F7C00DAFC09 /* Home */,
			);
			path = Biz;
			sourceTree = "<group>";
		};
		2D629DB22C5A5F7C00DAFC09 /* Home */ = {
			isa = PBXGroup;
			children = (
				2D629DCA2C5A605500DAFC09 /* Model */,
				2D629DC72C5A605500DAFC09 /* View */,
				2D629DC82C5A605500DAFC09 /* ViewController */,
				2D629DC92C5A605500DAFC09 /* ViewModel */,
			);
			path = Home;
			sourceTree = "<group>";
		};
		2D629DB32C5A5F8600DAFC09 /* Mine */ = {
			isa = PBXGroup;
			children = (
				2D629DC42C5A604000DAFC09 /* Model */,
				2D629DC62C5A604000DAFC09 /* View */,
				2D629DC32C5A604000DAFC09 /* ViewController */,
				2D629DC52C5A604000DAFC09 /* ViewModel */,
			);
			path = Mine;
			sourceTree = "<group>";
		};
		2D629DB42C5A5F9000DAFC09 /* Community */ = {
			isa = PBXGroup;
			children = (
				2D629DC12C5A603800DAFC09 /* Model */,
				2D629DBF2C5A603800DAFC09 /* View */,
				2D629DC02C5A603800DAFC09 /* ViewController */,
				2D629DC22C5A603800DAFC09 /* ViewModel */,
			);
			path = Community;
			sourceTree = "<group>";
		};
		2D629DB52C5A5FB300DAFC09 /* Live */ = {
			isa = PBXGroup;
			children = (
				2D629DBD2C5A602D00DAFC09 /* Model */,
				2D629DBC2C5A602D00DAFC09 /* View */,
				2D629DBE2C5A602D00DAFC09 /* ViewController */,
				2D629DBB2C5A602D00DAFC09 /* ViewModel */,
			);
			path = Live;
			sourceTree = "<group>";
		};
		2D629DB62C5A5FC800DAFC09 /* Score */ = {
			isa = PBXGroup;
			children = (
				2D629DB92C5A602300DAFC09 /* Model */,
				2D629DB82C5A602300DAFC09 /* View */,
				2D629DB72C5A602300DAFC09 /* ViewController */,
				2D629DBA2C5A602300DAFC09 /* ViewModel */,
			);
			path = Score;
			sourceTree = "<group>";
		};
		2D629DB72C5A602300DAFC09 /* ViewController */ = {
			isa = PBXGroup;
			children = (
				2D629DD32C5A60C100DAFC09 /* ScoreViewController.swift */,
			);
			path = ViewController;
			sourceTree = "<group>";
		};
		2D629DB82C5A602300DAFC09 /* View */ = {
			isa = PBXGroup;
			children = (
			);
			path = View;
			sourceTree = "<group>";
		};
		2D629DB92C5A602300DAFC09 /* Model */ = {
			isa = PBXGroup;
			children = (
			);
			path = Model;
			sourceTree = "<group>";
		};
		2D629DBA2C5A602300DAFC09 /* ViewModel */ = {
			isa = PBXGroup;
			children = (
			);
			path = ViewModel;
			sourceTree = "<group>";
		};
		2D629DBB2C5A602D00DAFC09 /* ViewModel */ = {
			isa = PBXGroup;
			children = (
			);
			path = ViewModel;
			sourceTree = "<group>";
		};
		2D629DBC2C5A602D00DAFC09 /* View */ = {
			isa = PBXGroup;
			children = (
			);
			path = View;
			sourceTree = "<group>";
		};
		2D629DBD2C5A602D00DAFC09 /* Model */ = {
			isa = PBXGroup;
			children = (
			);
			path = Model;
			sourceTree = "<group>";
		};
		2D629DBE2C5A602D00DAFC09 /* ViewController */ = {
			isa = PBXGroup;
			children = (
				2D629DD12C5A60AE00DAFC09 /* LiveViewController.swift */,
			);
			path = ViewController;
			sourceTree = "<group>";
		};
		2D629DBF2C5A603800DAFC09 /* View */ = {
			isa = PBXGroup;
			children = (
			);
			path = View;
			sourceTree = "<group>";
		};
		2D629DC02C5A603800DAFC09 /* ViewController */ = {
			isa = PBXGroup;
			children = (
				2D629DCF2C5A609D00DAFC09 /* CommunityViewController.swift */,
			);
			path = ViewController;
			sourceTree = "<group>";
		};
		2D629DC12C5A603800DAFC09 /* Model */ = {
			isa = PBXGroup;
			children = (
			);
			path = Model;
			sourceTree = "<group>";
		};
		2D629DC22C5A603800DAFC09 /* ViewModel */ = {
			isa = PBXGroup;
			children = (
			);
			path = ViewModel;
			sourceTree = "<group>";
		};
		2D629DC32C5A604000DAFC09 /* ViewController */ = {
			isa = PBXGroup;
			children = (
				2D629DCD2C5A608600DAFC09 /* MineViewController.swift */,
			);
			path = ViewController;
			sourceTree = "<group>";
		};
		2D629DC42C5A604000DAFC09 /* Model */ = {
			isa = PBXGroup;
			children = (
			);
			path = Model;
			sourceTree = "<group>";
		};
		2D629DC52C5A604000DAFC09 /* ViewModel */ = {
			isa = PBXGroup;
			children = (
			);
			path = ViewModel;
			sourceTree = "<group>";
		};
		2D629DC62C5A604000DAFC09 /* View */ = {
			isa = PBXGroup;
			children = (
			);
			path = View;
			sourceTree = "<group>";
		};
		2D629DC72C5A605500DAFC09 /* View */ = {
			isa = PBXGroup;
			children = (
			);
			path = View;
			sourceTree = "<group>";
		};
		2D629DC82C5A605500DAFC09 /* ViewController */ = {
			isa = PBXGroup;
			children = (
				2D629DCB2C5A607300DAFC09 /* HomeViewController.swift */,
			);
			path = ViewController;
			sourceTree = "<group>";
		};
		2D629DC92C5A605500DAFC09 /* ViewModel */ = {
			isa = PBXGroup;
			children = (
			);
			path = ViewModel;
			sourceTree = "<group>";
		};
		2D629DCA2C5A605500DAFC09 /* Model */ = {
			isa = PBXGroup;
			children = (
			);
			path = Model;
			sourceTree = "<group>";
		};
		57838F2FE3A4E2D5CD4F82DD /* Pods */ = {
			isa = PBXGroup;
			children = (
				1A04A9CAF5E63108C6280209 /* Pods-react-native-swift.debug.xcconfig */,
				3706F5EBBDA05B67B4B2E658 /* Pods-react-native-swift.release.xcconfig */,
			);
			path = Pods;
			sourceTree = "<group>";
		};
		A4C29819ABB0F05AAB55FC10 /* Frameworks */ = {
			isa = PBXGroup;
			children = (
				BBF999A984C99E90FD61F1A9 /* Pods_react_native_swift.framework */,
			);
			name = Frameworks;
			sourceTree = "<group>";
		};
/* End PBXGroup section */

/* Begin PBXNativeTarget section */
		2D0297B02A12246D00519B82 /* react-native-swift */ = {
			isa = PBXNativeTarget;
			buildConfigurationList = 2D0297C52A12246E00519B82 /* Build configuration list for PBXNativeTarget "react-native-swift" */;
			buildPhases = (
				41CCA6D9868C05A74A04B54B /* [CP] Check Pods Manifest.lock */,
				2D0297AD2A12246D00519B82 /* Sources */,
				2D0297AE2A12246D00519B82 /* Frameworks */,
				2D0297AF2A12246D00519B82 /* Resources */,
				5269432766422F072674A722 /* [CP] Embed Pods Frameworks */,
			);
			buildRules = (
			);
			dependencies = (
			);
			name = "react-native-swift";
			productName = "react-native-swift";
			productReference = 2D0297B12A12246D00519B82 /* react-native-swift.app */;
			productType = "com.apple.product-type.application";
		};
/* End PBXNativeTarget section */

/* Begin PBXProject section */
		2D0297A92A12246D00519B82 /* Project object */ = {
			isa = PBXProject;
			attributes = {
				BuildIndependentTargetsInParallel = 1;
				LastSwiftUpdateCheck = 1420;
				LastUpgradeCheck = 1420;
				TargetAttributes = {
					2D0297B02A12246D00519B82 = {
						CreatedOnToolsVersion = 14.2;
						LastSwiftMigration = 1420;
					};
				};
			};
			buildConfigurationList = 2D0297AC2A12246D00519B82 /* Build configuration list for PBXProject "react-native-swift" */;
			compatibilityVersion = "Xcode 14.0";
			developmentRegion = en;
			hasScannedForEncodings = 0;
			knownRegions = (
				en,
				Base,
			);
			mainGroup = 2D0297A82A12246D00519B82;
			productRefGroup = 2D0297B22A12246D00519B82 /* Products */;
			projectDirPath = "";
			projectRoot = "";
			targets = (
				2D0297B02A12246D00519B82 /* react-native-swift */,
			);
		};
/* End PBXProject section */

/* Begin PBXResourcesBuildPhase section */
		2D0297AF2A12246D00519B82 /* Resources */ = {
			isa = PBXResourcesBuildPhase;
			buildActionMask = 2147483647;
			files = (
				2D0297C12A12246E00519B82 /* LaunchScreen.storyboard in Resources */,
				2D0297BE2A12246E00519B82 /* Assets.xcassets in Resources */,
			);
			runOnlyForDeploymentPostprocessing = 0;
		};
/* End PBXResourcesBuildPhase section */

/* Begin PBXShellScriptBuildPhase section */
		41CCA6D9868C05A74A04B54B /* [CP] Check Pods Manifest.lock */ = {
			isa = PBXShellScriptBuildPhase;
			buildActionMask = 2147483647;
			files = (
			);
			inputFileListPaths = (
			);
			inputPaths = (
				"${PODS_PODFILE_DIR_PATH}/Podfile.lock",
				"${PODS_ROOT}/Manifest.lock",
			);
			name = "[CP] Check Pods Manifest.lock";
			outputFileListPaths = (
			);
			outputPaths = (
				"$(DERIVED_FILE_DIR)/Pods-react-native-swift-checkManifestLockResult.txt",
			);
			runOnlyForDeploymentPostprocessing = 0;
			shellPath = /bin/sh;
			shellScript = "diff \"${PODS_PODFILE_DIR_PATH}/Podfile.lock\" \"${PODS_ROOT}/Manifest.lock\" > /dev/null\nif [ $? != 0 ] ; then\n    # print error to STDERR\n    echo \"error: The sandbox is not in sync with the Podfile.lock. Run 'pod install' or update your CocoaPods installation.\" >&2\n    exit 1\nfi\n# This output is used by Xcode 'outputs' to avoid re-running this script phase.\necho \"SUCCESS\" > \"${SCRIPT_OUTPUT_FILE_0}\"\n";
			showEnvVarsInLog = 0;
		};
		5269432766422F072674A722 /* [CP] Embed Pods Frameworks */ = {
			isa = PBXShellScriptBuildPhase;
			buildActionMask = 2147483647;
			files = (
			);
			inputFileListPaths = (
				"${PODS_ROOT}/Target Support Files/Pods-react-native-swift/Pods-react-native-swift-frameworks-${CONFIGURATION}-input-files.xcfilelist",
			);
			name = "[CP] Embed Pods Frameworks";
			outputFileListPaths = (
				"${PODS_ROOT}/Target Support Files/Pods-react-native-swift/Pods-react-native-swift-frameworks-${CONFIGURATION}-output-files.xcfilelist",
			);
			runOnlyForDeploymentPostprocessing = 0;
			shellPath = /bin/sh;
			shellScript = "\"${PODS_ROOT}/Target Support Files/Pods-react-native-swift/Pods-react-native-swift-frameworks.sh\"\n";
			showEnvVarsInLog = 0;
		};
/* End PBXShellScriptBuildPhase section */

/* Begin PBXSourcesBuildPhase section */
		2D0297AD2A12246D00519B82 /* Sources */ = {
			isa = PBXSourcesBuildPhase;
			buildActionMask = 2147483647;
			files = (
				2D49B81F2C5E1624000947C0 /* Toast.swift in Sources */,
				2D629DB02C5A5F5F00DAFC09 /* BaseViewController.swift in Sources */,
				2D0297B92A12246D00519B82 /* ReactNativeController.swift in Sources */,
				2D629DAE2C5A5E3600DAFC09 /* LZTabBarController.swift in Sources */,
				2D49B8212C5E1671000947C0 /* Loading.swift in Sources */,
				2D49B8252C5E1857000947C0 /* Layout.swift in Sources */,
				2D629DCE2C5A608600DAFC09 /* MineViewController.swift in Sources */,
				2D629DD02C5A609D00DAFC09 /* CommunityViewController.swift in Sources */,
				2D49B81D2C5B41B6000947C0 /* Color.swift in Sources */,
				2D0297B52A12246D00519B82 /* AppDelegate.swift in Sources */,
				2D214BB72A131F1C0034A642 /* LZNavigationController.swift in Sources */,
				2D49B8232C5E17E9000947C0 /* PopView.swift in Sources */,
				2D629DD42C5A60C100DAFC09 /* ScoreViewController.swift in Sources */,
				2D629DD22C5A60AE00DAFC09 /* LiveViewController.swift in Sources */,
				2D629DD62C5B20AD00DAFC09 /* BaseTableViewController.swift in Sources */,
				2D629DCC2C5A607300DAFC09 /* HomeViewController.swift in Sources */,
			);
			runOnlyForDeploymentPostprocessing = 0;
		};
/* End PBXSourcesBuildPhase section */

/* Begin PBXVariantGroup section */
		2D0297BF2A12246E00519B82 /* LaunchScreen.storyboard */ = {
			isa = PBXVariantGroup;
			children = (
				2D0297C02A12246E00519B82 /* Base */,
			);
			name = LaunchScreen.storyboard;
			sourceTree = "<group>";
		};
/* End PBXVariantGroup section */

/* Begin XCBuildConfiguration section */
		2D0297C32A12246E00519B82 /* Debug */ = {
			isa = XCBuildConfiguration;
			buildSettings = {
				ALWAYS_SEARCH_USER_PATHS = NO;
				CLANG_ANALYZER_NONNULL = YES;
				CLANG_ANALYZER_NUMBER_OBJECT_CONVERSION = YES_AGGRESSIVE;
				CLANG_CXX_LANGUAGE_STANDARD = "gnu++20";
				CLANG_ENABLE_MODULES = YES;
				CLANG_ENABLE_OBJC_ARC = YES;
				CLANG_ENABLE_OBJC_WEAK = YES;
				CLANG_WARN_BLOCK_CAPTURE_AUTORELEASING = YES;
				CLANG_WARN_BOOL_CONVERSION = YES;
				CLANG_WARN_COMMA = YES;
				CLANG_WARN_CONSTANT_CONVERSION = YES;
				CLANG_WARN_DEPRECATED_OBJC_IMPLEMENTATIONS = YES;
				CLANG_WARN_DIRECT_OBJC_ISA_USAGE = YES_ERROR;
				CLANG_WARN_DOCUMENTATION_COMMENTS = YES;
				CLANG_WARN_EMPTY_BODY = YES;
				CLANG_WARN_ENUM_CONVERSION = YES;
				CLANG_WARN_INFINITE_RECURSION = YES;
				CLANG_WARN_INT_CONVERSION = YES;
				CLANG_WARN_NON_LITERAL_NULL_CONVERSION = YES;
				CLANG_WARN_OBJC_IMPLICIT_RETAIN_SELF = YES;
				CLANG_WARN_OBJC_LITERAL_CONVERSION = YES;
				CLANG_WARN_OBJC_ROOT_CLASS = YES_ERROR;
				CLANG_WARN_QUOTED_INCLUDE_IN_FRAMEWORK_HEADER = YES;
				CLANG_WARN_RANGE_LOOP_ANALYSIS = YES;
				CLANG_WARN_STRICT_PROTOTYPES = YES;
				CLANG_WARN_SUSPICIOUS_MOVE = YES;
				CLANG_WARN_UNGUARDED_AVAILABILITY = YES_AGGRESSIVE;
				CLANG_WARN_UNREACHABLE_CODE = YES;
				CLANG_WARN__DUPLICATE_METHOD_MATCH = YES;
				COPY_PHASE_STRIP = NO;
				DEBUG_INFORMATION_FORMAT = dwarf;
				ENABLE_STRICT_OBJC_MSGSEND = YES;
				ENABLE_TESTABILITY = YES;
				GCC_C_LANGUAGE_STANDARD = gnu11;
				GCC_DYNAMIC_NO_PIC = NO;
				GCC_NO_COMMON_BLOCKS = YES;
				GCC_OPTIMIZATION_LEVEL = 0;
				GCC_PREPROCESSOR_DEFINITIONS = (
					"DEBUG=1",
					"$(inherited)",
				);
				GCC_WARN_64_TO_32_BIT_CONVERSION = YES;
				GCC_WARN_ABOUT_RETURN_TYPE = YES_ERROR;
				GCC_WARN_UNDECLARED_SELECTOR = YES;
				GCC_WARN_UNINITIALIZED_AUTOS = YES_AGGRESSIVE;
				GCC_WARN_UNUSED_FUNCTION = YES;
				GCC_WARN_UNUSED_VARIABLE = YES;
				IPHONEOS_DEPLOYMENT_TARGET = 13.0;
				MTL_ENABLE_DEBUG_INFO = INCLUDE_SOURCE;
				MTL_FAST_MATH = YES;
				ONLY_ACTIVE_ARCH = YES;
				SDKROOT = iphoneos;
				SWIFT_ACTIVE_COMPILATION_CONDITIONS = DEBUG;
				SWIFT_OPTIMIZATION_LEVEL = "-Onone";
			};
			name = Debug;
		};
		2D0297C42A12246E00519B82 /* Release */ = {
			isa = XCBuildConfiguration;
			buildSettings = {
				ALWAYS_SEARCH_USER_PATHS = NO;
				CLANG_ANALYZER_NONNULL = YES;
				CLANG_ANALYZER_NUMBER_OBJECT_CONVERSION = YES_AGGRESSIVE;
				CLANG_CXX_LANGUAGE_STANDARD = "gnu++20";
				CLANG_ENABLE_MODULES = YES;
				CLANG_ENABLE_OBJC_ARC = YES;
				CLANG_ENABLE_OBJC_WEAK = YES;
				CLANG_WARN_BLOCK_CAPTURE_AUTORELEASING = YES;
				CLANG_WARN_BOOL_CONVERSION = YES;
				CLANG_WARN_COMMA = YES;
				CLANG_WARN_CONSTANT_CONVERSION = YES;
				CLANG_WARN_DEPRECATED_OBJC_IMPLEMENTATIONS = YES;
				CLANG_WARN_DIRECT_OBJC_ISA_USAGE = YES_ERROR;
				CLANG_WARN_DOCUMENTATION_COMMENTS = YES;
				CLANG_WARN_EMPTY_BODY = YES;
				CLANG_WARN_ENUM_CONVERSION = YES;
				CLANG_WARN_INFINITE_RECURSION = YES;
				CLANG_WARN_INT_CONVERSION = YES;
				CLANG_WARN_NON_LITERAL_NULL_CONVERSION = YES;
				CLANG_WARN_OBJC_IMPLICIT_RETAIN_SELF = YES;
				CLANG_WARN_OBJC_LITERAL_CONVERSION = YES;
				CLANG_WARN_OBJC_ROOT_CLASS = YES_ERROR;
				CLANG_WARN_QUOTED_INCLUDE_IN_FRAMEWORK_HEADER = YES;
				CLANG_WARN_RANGE_LOOP_ANALYSIS = YES;
				CLANG_WARN_STRICT_PROTOTYPES = YES;
				CLANG_WARN_SUSPICIOUS_MOVE = YES;
				CLANG_WARN_UNGUARDED_AVAILABILITY = YES_AGGRESSIVE;
				CLANG_WARN_UNREACHABLE_CODE = YES;
				CLANG_WARN__DUPLICATE_METHOD_MATCH = YES;
				COPY_PHASE_STRIP = NO;
				DEBUG_INFORMATION_FORMAT = "dwarf-with-dsym";
				ENABLE_NS_ASSERTIONS = NO;
				ENABLE_STRICT_OBJC_MSGSEND = YES;
				GCC_C_LANGUAGE_STANDARD = gnu11;
				GCC_NO_COMMON_BLOCKS = YES;
				GCC_WARN_64_TO_32_BIT_CONVERSION = YES;
				GCC_WARN_ABOUT_RETURN_TYPE = YES_ERROR;
				GCC_WARN_UNDECLARED_SELECTOR = YES;
				GCC_WARN_UNINITIALIZED_AUTOS = YES_AGGRESSIVE;
				GCC_WARN_UNUSED_FUNCTION = YES;
				GCC_WARN_UNUSED_VARIABLE = YES;
				IPHONEOS_DEPLOYMENT_TARGET = 13.0;
				MTL_ENABLE_DEBUG_INFO = NO;
				MTL_FAST_MATH = YES;
				SDKROOT = iphoneos;
				SWIFT_COMPILATION_MODE = wholemodule;
				SWIFT_OPTIMIZATION_LEVEL = "-O";
				VALIDATE_PRODUCT = YES;
			};
			name = Release;
		};
		2D0297C62A12246E00519B82 /* Debug */ = {
			isa = XCBuildConfiguration;
			baseConfigurationReference = 1A04A9CAF5E63108C6280209 /* Pods-react-native-swift.debug.xcconfig */;
			buildSettings = {
				ASSETCATALOG_COMPILER_APPICON_NAME = AppIcon;
				ASSETCATALOG_COMPILER_GLOBAL_ACCENT_COLOR_NAME = AccentColor;
				CLANG_ENABLE_MODULES = YES;
				CODE_SIGN_STYLE = Automatic;
				CURRENT_PROJECT_VERSION = 1;
				DEVELOPMENT_TEAM = LPHS5LXJTA;
				GENERATE_INFOPLIST_FILE = YES;
				INFOPLIST_FILE = "react-native-swift/Info.plist";
				INFOPLIST_KEY_UIApplicationSupportsIndirectInputEvents = YES;
				INFOPLIST_KEY_UILaunchStoryboardName = LaunchScreen;
				INFOPLIST_KEY_UIStatusBarStyle = UIStatusBarStyleLightContent;
				INFOPLIST_KEY_UISupportedInterfaceOrientations = UIInterfaceOrientationPortrait;
				INFOPLIST_KEY_UISupportedInterfaceOrientations_iPad = "UIInterfaceOrientationLandscapeLeft UIInterfaceOrientationLandscapeRight UIInterfaceOrientationPortrait UIInterfaceOrientationPortraitUpsideDown";
				IPHONEOS_DEPLOYMENT_TARGET = 15.0;
				LD_RUNPATH_SEARCH_PATHS = (
					"$(inherited)",
					"@executable_path/Frameworks",
				);
				MARKETING_VERSION = 1.0;
				PRODUCT_BUNDLE_IDENTIFIER = "com.lizhi1026.react-native-swift";
				PRODUCT_NAME = "$(TARGET_NAME)";
				SWIFT_EMIT_LOC_STRINGS = YES;
				SWIFT_OBJC_BRIDGING_HEADER = "";
				SWIFT_OPTIMIZATION_LEVEL = "-Onone";
				SWIFT_VERSION = 5.0;
				TARGETED_DEVICE_FAMILY = "1,2";
			};
			name = Debug;
		};
		2D0297C72A12246E00519B82 /* Release */ = {
			isa = XCBuildConfiguration;
			baseConfigurationReference = 3706F5EBBDA05B67B4B2E658 /* Pods-react-native-swift.release.xcconfig */;
			buildSettings = {
				ASSETCATALOG_COMPILER_APPICON_NAME = AppIcon;
				ASSETCATALOG_COMPILER_GLOBAL_ACCENT_COLOR_NAME = AccentColor;
				CLANG_ENABLE_MODULES = YES;
				CODE_SIGN_STYLE = Automatic;
				CURRENT_PROJECT_VERSION = 1;
				DEVELOPMENT_TEAM = LPHS5LXJTA;
				GENERATE_INFOPLIST_FILE = YES;
				INFOPLIST_FILE = "react-native-swift/Info.plist";
				INFOPLIST_KEY_UIApplicationSupportsIndirectInputEvents = YES;
				INFOPLIST_KEY_UILaunchStoryboardName = LaunchScreen;
				INFOPLIST_KEY_UIStatusBarStyle = UIStatusBarStyleLightContent;
				INFOPLIST_KEY_UISupportedInterfaceOrientations = UIInterfaceOrientationPortrait;
				INFOPLIST_KEY_UISupportedInterfaceOrientations_iPad = "UIInterfaceOrientationLandscapeLeft UIInterfaceOrientationLandscapeRight UIInterfaceOrientationPortrait UIInterfaceOrientationPortraitUpsideDown";
				IPHONEOS_DEPLOYMENT_TARGET = 15.0;
				LD_RUNPATH_SEARCH_PATHS = (
					"$(inherited)",
					"@executable_path/Frameworks",
				);
				MARKETING_VERSION = 1.0;
				PRODUCT_BUNDLE_IDENTIFIER = "com.lizhi1026.react-native-swift";
				PRODUCT_NAME = "$(TARGET_NAME)";
				SWIFT_EMIT_LOC_STRINGS = YES;
				SWIFT_VERSION = 5.0;
				TARGETED_DEVICE_FAMILY = "1,2";
			};
			name = Release;
		};
/* End XCBuildConfiguration section */

/* Begin XCConfigurationList section */
		2D0297AC2A12246D00519B82 /* Build configuration list for PBXProject "react-native-swift" */ = {
			isa = XCConfigurationList;
			buildConfigurations = (
				2D0297C32A12246E00519B82 /* Debug */,
				2D0297C42A12246E00519B82 /* Release */,
			);
			defaultConfigurationIsVisible = 0;
			defaultConfigurationName = Release;
		};
		2D0297C52A12246E00519B82 /* Build configuration list for PBXNativeTarget "react-native-swift" */ = {
			isa = XCConfigurationList;
			buildConfigurations = (
				2D0297C62A12246E00519B82 /* Debug */,
				2D0297C72A12246E00519B82 /* Release */,
			);
			defaultConfigurationIsVisible = 0;
			defaultConfigurationName = Release;
		};
/* End XCConfigurationList section */
	};
	rootObject = 2D0297A92A12246D00519B82 /* Project object */;
}
